// !$*UTF8*$!
{
	archiveVersion = 1;
	classes = {
	};
	objectVersion = 46;
	objects = {

/* Begin PBXBuildFile section */
		3D09B0B4DA410BE79885FEEF /* WVEMainViewController.m in Sources */ = {isa = PBXBuildFile; fileRef = 3D09B9C931B8FCE0DEFD25B0 /* WVEMainViewController.m */; };
		3D09B61FE857AFE5DB1B8CB9 /* CLBeacon+WVEBeaconAdditions.m in Sources */ = {isa = PBXBuildFile; fileRef = 3D09BD471E702DD1180C02D1 /* CLBeacon+WVEBeaconAdditions.m */; };
		3D09B8067D6EA19FABFC6994 /* constants.m in Sources */ = {isa = PBXBuildFile; fileRef = 3D09B94E53AA01BCB44D40EB /* constants.m */; };
		3D09BAEBBBF5B469D8268C5A /* WVEMainViewControllerTests.m in Sources */ = {isa = PBXBuildFile; fileRef = 3D09B05E2A22EBA8DD11ACFD /* WVEMainViewControllerTests.m */; };
		3D09BBEF86DEE2EC17F545D6 /* WVEBeaconHandler.m in Sources */ = {isa = PBXBuildFile; fileRef = 3D09B8CE299932317790FF18 /* WVEBeaconHandler.m */; };
		44475E904AFF897C6D80BF48 /* WVEAnimationViewController.m in Sources */ = {isa = PBXBuildFile; fileRef = 444754F70B38C819AE33AF38 /* WVEAnimationViewController.m */; };
		7A78B2BAD3B74DBFBD65AF9F /* libPods-waveTests.a in Frameworks */ = {isa = PBXBuildFile; fileRef = F74449C348BC4E11B1A2968B /* libPods-waveTests.a */; };
		FE6C5E5819261344007860D4 /* WVEMainViewController.xib in Resources */ = {isa = PBXBuildFile; fileRef = FE6C5E5719261344007860D4 /* WVEMainViewController.xib */; };
		FEE321CD1926108300A66F92 /* Foundation.framework in Frameworks */ = {isa = PBXBuildFile; fileRef = FEE321CC1926108300A66F92 /* Foundation.framework */; };
		FEE321CF1926108300A66F92 /* CoreGraphics.framework in Frameworks */ = {isa = PBXBuildFile; fileRef = FEE321CE1926108300A66F92 /* CoreGraphics.framework */; };
		FEE321D11926108300A66F92 /* UIKit.framework in Frameworks */ = {isa = PBXBuildFile; fileRef = FEE321D01926108300A66F92 /* UIKit.framework */; };
		FEE321D61926108300A66F92 /* main.m in Sources */ = {isa = PBXBuildFile; fileRef = FEE321D51926108300A66F92 /* main.m */; };
		FEE321DB1926108300A66F92 /* WVEAppDelegate.m in Sources */ = {isa = PBXBuildFile; fileRef = FEE321DA1926108300A66F92 /* WVEAppDelegate.m */; };
		FEE321DF1926108300A66F92 /* Images.xcassets in Resources */ = {isa = PBXBuildFile; fileRef = FEE321DE1926108300A66F92 /* Images.xcassets */; };
		FEE321E61926108300A66F92 /* XCTest.framework in Frameworks */ = {isa = PBXBuildFile; fileRef = FEE321E51926108300A66F92 /* XCTest.framework */; };
		FEE321E71926108300A66F92 /* Foundation.framework in Frameworks */ = {isa = PBXBuildFile; fileRef = FEE321CC1926108300A66F92 /* Foundation.framework */; };
		FEE321E81926108300A66F92 /* UIKit.framework in Frameworks */ = {isa = PBXBuildFile; fileRef = FEE321D01926108300A66F92 /* UIKit.framework */; };
/* End PBXBuildFile section */

/* Begin PBXContainerItemProxy section */
		FEE321E91926108300A66F92 /* PBXContainerItemProxy */ = {
			isa = PBXContainerItemProxy;
			containerPortal = FEE321C11926108200A66F92 /* Project object */;
			proxyType = 1;
			remoteGlobalIDString = FEE321C81926108300A66F92;
			remoteInfo = wave;
		};
/* End PBXContainerItemProxy section */

/* Begin PBXFileReference section */
		3D09B05E2A22EBA8DD11ACFD /* WVEMainViewControllerTests.m */ = {isa = PBXFileReference; fileEncoding = 4; lastKnownFileType = sourcecode.c.objc; path = WVEMainViewControllerTests.m; sourceTree = "<group>"; };
		3D09B5777E6FB136619CC193 /* WVEMainViewController.h */ = {isa = PBXFileReference; fileEncoding = 4; lastKnownFileType = sourcecode.c.h; path = WVEMainViewController.h; sourceTree = "<group>"; };
		3D09B8A0DB7AC64C308532C0 /* WVEBeaconHandler.h */ = {isa = PBXFileReference; fileEncoding = 4; lastKnownFileType = sourcecode.c.h; path = WVEBeaconHandler.h; sourceTree = "<group>"; };
		3D09B8CE299932317790FF18 /* WVEBeaconHandler.m */ = {isa = PBXFileReference; fileEncoding = 4; lastKnownFileType = sourcecode.c.objc; path = WVEBeaconHandler.m; sourceTree = "<group>"; };
		3D09B94E53AA01BCB44D40EB /* constants.m */ = {isa = PBXFileReference; fileEncoding = 4; lastKnownFileType = sourcecode.c.objc; path = constants.m; sourceTree = "<group>"; };
		3D09B9C931B8FCE0DEFD25B0 /* WVEMainViewController.m */ = {isa = PBXFileReference; fileEncoding = 4; lastKnownFileType = sourcecode.c.objc; path = WVEMainViewController.m; sourceTree = "<group>"; };
		3D09B9D572A7E132CCB46711 /* constants.h */ = {isa = PBXFileReference; fileEncoding = 4; lastKnownFileType = sourcecode.c.h; path = constants.h; sourceTree = "<group>"; };
		3D09BD471E702DD1180C02D1 /* CLBeacon+WVEBeaconAdditions.m */ = {isa = PBXFileReference; fileEncoding = 4; lastKnownFileType = sourcecode.c.objc; path = "CLBeacon+WVEBeaconAdditions.m"; sourceTree = "<group>"; };
		3D09BE55A7DA2B075190ACF3 /* CLBeacon+WVEBeaconAdditions.h */ = {isa = PBXFileReference; fileEncoding = 4; lastKnownFileType = sourcecode.c.h; path = "CLBeacon+WVEBeaconAdditions.h"; sourceTree = "<group>"; };
		444754F70B38C819AE33AF38 /* WVEAnimationViewController.m */ = {isa = PBXFileReference; fileEncoding = 4; lastKnownFileType = sourcecode.c.objc; path = WVEAnimationViewController.m; sourceTree = "<group>"; };
		44475BDA2CEBA5BB438B14F7 /* WVEAnimationViewController.h */ = {isa = PBXFileReference; fileEncoding = 4; lastKnownFileType = sourcecode.c.h; path = WVEAnimationViewController.h; sourceTree = "<group>"; };
		DF8A026449E049E8B3EDB215 /* Pods-waveTests.xcconfig */ = {isa = PBXFileReference; includeInIndex = 1; lastKnownFileType = text.xcconfig; name = "Pods-waveTests.xcconfig"; path = "Pods/Pods-waveTests.xcconfig"; sourceTree = "<group>"; };
		F74449C348BC4E11B1A2968B /* libPods-waveTests.a */ = {isa = PBXFileReference; explicitFileType = archive.ar; includeInIndex = 0; path = "libPods-waveTests.a"; sourceTree = BUILT_PRODUCTS_DIR; };
		FE6C5E5719261344007860D4 /* WVEMainViewController.xib */ = {isa = PBXFileReference; fileEncoding = 4; lastKnownFileType = file.xib; path = WVEMainViewController.xib; sourceTree = "<group>"; };
		FEE321C91926108300A66F92 /* wave.app */ = {isa = PBXFileReference; explicitFileType = wrapper.application; includeInIndex = 0; path = wave.app; sourceTree = BUILT_PRODUCTS_DIR; };
		FEE321CC1926108300A66F92 /* Foundation.framework */ = {isa = PBXFileReference; lastKnownFileType = wrapper.framework; name = Foundation.framework; path = System/Library/Frameworks/Foundation.framework; sourceTree = SDKROOT; };
		FEE321CE1926108300A66F92 /* CoreGraphics.framework */ = {isa = PBXFileReference; lastKnownFileType = wrapper.framework; name = CoreGraphics.framework; path = System/Library/Frameworks/CoreGraphics.framework; sourceTree = SDKROOT; };
		FEE321D01926108300A66F92 /* UIKit.framework */ = {isa = PBXFileReference; lastKnownFileType = wrapper.framework; name = UIKit.framework; path = System/Library/Frameworks/UIKit.framework; sourceTree = SDKROOT; };
		FEE321D41926108300A66F92 /* wave-Info.plist */ = {isa = PBXFileReference; lastKnownFileType = text.plist.xml; path = "wave-Info.plist"; sourceTree = "<group>"; };
		FEE321D51926108300A66F92 /* main.m */ = {isa = PBXFileReference; lastKnownFileType = sourcecode.c.objc; path = main.m; sourceTree = "<group>"; };
		FEE321D71926108300A66F92 /* wave-Prefix.pch */ = {isa = PBXFileReference; lastKnownFileType = sourcecode.c.h; path = "wave-Prefix.pch"; sourceTree = "<group>"; };
		FEE321D91926108300A66F92 /* WVEAppDelegate.h */ = {isa = PBXFileReference; lastKnownFileType = sourcecode.c.h; path = WVEAppDelegate.h; sourceTree = "<group>"; };
		FEE321DA1926108300A66F92 /* WVEAppDelegate.m */ = {isa = PBXFileReference; lastKnownFileType = sourcecode.c.objc; path = WVEAppDelegate.m; sourceTree = "<group>"; };
		FEE321DC1926108300A66F92 /* Podfile */ = {isa = PBXFileReference; lastKnownFileType = text; name = Podfile; path = ../Podfile; sourceTree = "<group>"; };
		FEE321DE1926108300A66F92 /* Images.xcassets */ = {isa = PBXFileReference; lastKnownFileType = folder.assetcatalog; path = Images.xcassets; sourceTree = "<group>"; };
		FEE321E41926108300A66F92 /* waveTests.xctest */ = {isa = PBXFileReference; explicitFileType = wrapper.cfbundle; includeInIndex = 0; path = waveTests.xctest; sourceTree = BUILT_PRODUCTS_DIR; };
		FEE321E51926108300A66F92 /* XCTest.framework */ = {isa = PBXFileReference; lastKnownFileType = wrapper.framework; name = XCTest.framework; path = Library/Frameworks/XCTest.framework; sourceTree = DEVELOPER_DIR; };
		FEE321ED1926108300A66F92 /* waveTests-Info.plist */ = {isa = PBXFileReference; lastKnownFileType = text.plist.xml; name = "waveTests-Info.plist"; path = "Ancillary Files/waveTests-Info.plist"; sourceTree = "<group>"; };
/* End PBXFileReference section */

/* Begin PBXFrameworksBuildPhase section */
		FEE321C61926108300A66F92 /* Frameworks */ = {
			isa = PBXFrameworksBuildPhase;
			buildActionMask = 2147483647;
			files = (
				FEE321CF1926108300A66F92 /* CoreGraphics.framework in Frameworks */,
				FEE321D11926108300A66F92 /* UIKit.framework in Frameworks */,
				FEE321CD1926108300A66F92 /* Foundation.framework in Frameworks */,
			);
			runOnlyForDeploymentPostprocessing = 0;
		};
		FEE321E11926108300A66F92 /* Frameworks */ = {
			isa = PBXFrameworksBuildPhase;
			buildActionMask = 2147483647;
			files = (
				FEE321E61926108300A66F92 /* XCTest.framework in Frameworks */,
				FEE321E81926108300A66F92 /* UIKit.framework in Frameworks */,
				FEE321E71926108300A66F92 /* Foundation.framework in Frameworks */,
				7A78B2BAD3B74DBFBD65AF9F /* libPods-waveTests.a in Frameworks */,
			);
			runOnlyForDeploymentPostprocessing = 0;
		};
/* End PBXFrameworksBuildPhase section */

/* Begin PBXGroup section */
		3D09B18DE4EB278E1191C548 /* Views */ = {
			isa = PBXGroup;
			children = (
				FE6C5E5719261344007860D4 /* WVEMainViewController.xib */,
			);
			path = Views;
			sourceTree = "<group>";
		};
		3D09B2713561FA0E42C10800 /* Handlers */ = {
			isa = PBXGroup;
			children = (
				3D09B8A0DB7AC64C308532C0 /* WVEBeaconHandler.h */,
				3D09B8CE299932317790FF18 /* WVEBeaconHandler.m */,
			);
			path = Handlers;
			sourceTree = "<group>";
		};
		3D09B8C2B27956495F5F91F6 /* View Controllers */ = {
			isa = PBXGroup;
			children = (
				3D09B9C931B8FCE0DEFD25B0 /* WVEMainViewController.m */,
				3D09B5777E6FB136619CC193 /* WVEMainViewController.h */,
				444754F70B38C819AE33AF38 /* WVEAnimationViewController.m */,
				44475BDA2CEBA5BB438B14F7 /* WVEAnimationViewController.h */,
			);
			path = "View Controllers";
			sourceTree = "<group>";
		};
		3D09B8CE1B8799C697392919 /* Categories */ = {
			isa = PBXGroup;
			children = (
				3D09BE55A7DA2B075190ACF3 /* CLBeacon+WVEBeaconAdditions.h */,
				3D09BD471E702DD1180C02D1 /* CLBeacon+WVEBeaconAdditions.m */,
			);
			path = Categories;
			sourceTree = "<group>";
		};
		4447531890CC95DD5CEA2A53 /* View */ = {
			isa = PBXGroup;
			children = (
			);
			path = View;
			sourceTree = "<group>";
		};
		FEE321C01926108200A66F92 = {
			isa = PBXGroup;
			children = (
				FEE321D21926108300A66F92 /* wave */,
				FEE321EB1926108300A66F92 /* waveTests */,
				FEE321CB1926108300A66F92 /* Frameworks */,
				FEE321CA1926108300A66F92 /* Products */,
				DF8A026449E049E8B3EDB215 /* Pods-waveTests.xcconfig */,
			);
			sourceTree = "<group>";
		};
		FEE321CA1926108300A66F92 /* Products */ = {
			isa = PBXGroup;
			children = (
				FEE321C91926108300A66F92 /* wave.app */,
				FEE321E41926108300A66F92 /* waveTests.xctest */,
			);
			name = Products;
			sourceTree = "<group>";
		};
		FEE321CB1926108300A66F92 /* Frameworks */ = {
			isa = PBXGroup;
			children = (
				FEE321CC1926108300A66F92 /* Foundation.framework */,
				FEE321CE1926108300A66F92 /* CoreGraphics.framework */,
				FEE321D01926108300A66F92 /* UIKit.framework */,
				FEE321E51926108300A66F92 /* XCTest.framework */,
				F74449C348BC4E11B1A2968B /* libPods-waveTests.a */,
			);
			name = Frameworks;
			sourceTree = "<group>";
		};
		FEE321D21926108300A66F92 /* wave */ = {
			isa = PBXGroup;
			children = (
				FEE321DC1926108300A66F92 /* Podfile */,
				FEE321D31926108300A66F92 /* Ancillary Files */,
				FEE321D81926108300A66F92 /* Classes */,
				FEE321DD1926108300A66F92 /* Resources */,
			);
			path = wave;
			sourceTree = "<group>";
		};
		FEE321D31926108300A66F92 /* Ancillary Files */ = {
			isa = PBXGroup;
			children = (
				FEE321D41926108300A66F92 /* wave-Info.plist */,
				FEE321D51926108300A66F92 /* main.m */,
				FEE321D71926108300A66F92 /* wave-Prefix.pch */,
				3D09B9D572A7E132CCB46711 /* constants.h */,
				3D09B94E53AA01BCB44D40EB /* constants.m */,
			);
			path = "Ancillary Files";
			sourceTree = "<group>";
		};
		FEE321D81926108300A66F92 /* Classes */ = {
			isa = PBXGroup;
			children = (
				FEE321D91926108300A66F92 /* WVEAppDelegate.h */,
				FEE321DA1926108300A66F92 /* WVEAppDelegate.m */,
				3D09B8C2B27956495F5F91F6 /* View Controllers */,
				4447531890CC95DD5CEA2A53 /* View */,
				3D09B8CE1B8799C697392919 /* Categories */,
				3D09B2713561FA0E42C10800 /* Handlers */,
			);
			path = Classes;
			sourceTree = "<group>";
		};
		FEE321DD1926108300A66F92 /* Resources */ = {
			isa = PBXGroup;
			children = (
				FEE321DE1926108300A66F92 /* Images.xcassets */,
				3D09B18DE4EB278E1191C548 /* Views */,
			);
			path = Resources;
			sourceTree = "<group>";
		};
		FEE321EB1926108300A66F92 /* waveTests */ = {
			isa = PBXGroup;
			children = (
				FEE321EC1926108300A66F92 /* Ancillary Files */,
				3D09B05E2A22EBA8DD11ACFD /* WVEMainViewControllerTests.m */,
			);
			path = waveTests;
			sourceTree = "<group>";
		};
		FEE321EC1926108300A66F92 /* Ancillary Files */ = {
			isa = PBXGroup;
			children = (
				FEE321ED1926108300A66F92 /* waveTests-Info.plist */,
			);
			name = "Ancillary Files";
			sourceTree = "<group>";
		};
/* End PBXGroup section */

/* Begin PBXNativeTarget section */
		FEE321C81926108300A66F92 /* wave */ = {
			isa = PBXNativeTarget;
			buildConfigurationList = FEE321F11926108300A66F92 /* Build configuration list for PBXNativeTarget "wave" */;
			buildPhases = (
				FEE321C51926108300A66F92 /* Sources */,
				FEE321C61926108300A66F92 /* Frameworks */,
				FEE321C71926108300A66F92 /* Resources */,
			);
			buildRules = (
			);
			dependencies = (
			);
			name = wave;
			productName = wave;
			productReference = FEE321C91926108300A66F92 /* wave.app */;
			productType = "com.apple.product-type.application";
		};
		FEE321E31926108300A66F92 /* waveTests */ = {
			isa = PBXNativeTarget;
			buildConfigurationList = FEE321F51926108300A66F92 /* Build configuration list for PBXNativeTarget "waveTests" */;
			buildPhases = (
				EFB25CFD7E474E6AB1C9AB22 /* Check Pods Manifest.lock */,
				FEE321E01926108300A66F92 /* Sources */,
				FEE321E11926108300A66F92 /* Frameworks */,
				FEE321E21926108300A66F92 /* Resources */,
				3FB1B3CAA62B4583931A4F47 /* Copy Pods Resources */,
			);
			buildRules = (
			);
			dependencies = (
				FEE321EA1926108300A66F92 /* PBXTargetDependency */,
			);
			name = waveTests;
			productName = waveTests;
			productReference = FEE321E41926108300A66F92 /* waveTests.xctest */;
			productType = "com.apple.product-type.bundle.unit-test";
		};
/* End PBXNativeTarget section */

/* Begin PBXProject section */
		FEE321C11926108200A66F92 /* Project object */ = {
			isa = PBXProject;
			attributes = {
				CLASSPREFIX = WVE;
				LastUpgradeCheck = 0510;
				ORGANIZATIONNAME = wave;
				TargetAttributes = {
					FEE321E31926108300A66F92 = {
						TestTargetID = FEE321C81926108300A66F92 /* wave */;
					};
				};
			};
			buildConfigurationList = FEE321C41926108200A66F92 /* Build configuration list for PBXProject "wave" */;
			compatibilityVersion = "Xcode 3.2";
			developmentRegion = English;
			hasScannedForEncodings = 0;
			knownRegions = (
				en,
			);
			mainGroup = FEE321C01926108200A66F92;
			productRefGroup = FEE321CA1926108300A66F92 /* Products */;
			projectDirPath = "";
			projectRoot = "";
			targets = (
				FEE321C81926108300A66F92 /* wave */,
				FEE321E31926108300A66F92 /* waveTests */,
			);
		};
/* End PBXProject section */

/* Begin PBXResourcesBuildPhase section */
		FEE321C71926108300A66F92 /* Resources */ = {
			isa = PBXResourcesBuildPhase;
			buildActionMask = 2147483647;
			files = (
				FE6C5E5819261344007860D4 /* WVEMainViewController.xib in Resources */,
				FEE321DF1926108300A66F92 /* Images.xcassets in Resources */,
			);
			runOnlyForDeploymentPostprocessing = 0;
		};
		FEE321E21926108300A66F92 /* Resources */ = {
			isa = PBXResourcesBuildPhase;
			buildActionMask = 2147483647;
			files = (
			);
			runOnlyForDeploymentPostprocessing = 0;
		};
/* End PBXResourcesBuildPhase section */

/* Begin PBXShellScriptBuildPhase section */
		3FB1B3CAA62B4583931A4F47 /* Copy Pods Resources */ = {
			isa = PBXShellScriptBuildPhase;
			buildActionMask = 2147483647;
			files = (
			);
			inputPaths = (
			);
			name = "Copy Pods Resources";
			outputPaths = (
			);
			runOnlyForDeploymentPostprocessing = 0;
			shellPath = /bin/sh;
			shellScript = "\"${SRCROOT}/Pods/Pods-waveTests-resources.sh\"\n";
			showEnvVarsInLog = 0;
		};
		EFB25CFD7E474E6AB1C9AB22 /* Check Pods Manifest.lock */ = {
			isa = PBXShellScriptBuildPhase;
			buildActionMask = 2147483647;
			files = (
			);
			inputPaths = (
			);
			name = "Check Pods Manifest.lock";
			outputPaths = (
			);
			runOnlyForDeploymentPostprocessing = 0;
			shellPath = /bin/sh;
			shellScript = "diff \"${PODS_ROOT}/../Podfile.lock\" \"${PODS_ROOT}/Manifest.lock\" > /dev/null\nif [[ $? != 0 ]] ; then\n    cat << EOM\nerror: The sandbox is not in sync with the Podfile.lock. Run 'pod install' or update your CocoaPods installation.\nEOM\n    exit 1\nfi\n";
			showEnvVarsInLog = 0;
		};
/* End PBXShellScriptBuildPhase section */

/* Begin PBXSourcesBuildPhase section */
		FEE321C51926108300A66F92 /* Sources */ = {
			isa = PBXSourcesBuildPhase;
			buildActionMask = 2147483647;
			files = (
				FEE321D61926108300A66F92 /* main.m in Sources */,
				FEE321DB1926108300A66F92 /* WVEAppDelegate.m in Sources */,
				3D09B0B4DA410BE79885FEEF /* WVEMainViewController.m in Sources */,
				3D09B8067D6EA19FABFC6994 /* constants.m in Sources */,
				3D09B61FE857AFE5DB1B8CB9 /* CLBeacon+WVEBeaconAdditions.m in Sources */,
				3D09BBEF86DEE2EC17F545D6 /* WVEBeaconHandler.m in Sources */,
				44475E904AFF897C6D80BF48 /* WVEAnimationViewController.m in Sources */,
			);
			runOnlyForDeploymentPostprocessing = 0;
		};
		FEE321E01926108300A66F92 /* Sources */ = {
			isa = PBXSourcesBuildPhase;
			buildActionMask = 2147483647;
			files = (
				3D09BAEBBBF5B469D8268C5A /* WVEMainViewControllerTests.m in Sources */,
			);
			runOnlyForDeploymentPostprocessing = 0;
		};
/* End PBXSourcesBuildPhase section */

/* Begin PBXTargetDependency section */
		FEE321EA1926108300A66F92 /* PBXTargetDependency */ = {
			isa = PBXTargetDependency;
			target = FEE321C81926108300A66F92 /* wave */;
			targetProxy = FEE321E91926108300A66F92 /* PBXContainerItemProxy */;
		};
/* End PBXTargetDependency section */

/* Begin XCBuildConfiguration section */
		FEE321EE1926108300A66F92 /* Release Enterprise */ = {
			isa = XCBuildConfiguration;
			buildSettings = {
				ALWAYS_SEARCH_USER_PATHS = NO;
				ARCHS = "$(ARCHS_STANDARD_INCLUDING_64_BIT)";
				CLANG_CXX_LANGUAGE_STANDARD = "gnu++0x";
				CLANG_CXX_LIBRARY = "libc++";
				CLANG_ENABLE_MODULES = YES;
				CLANG_ENABLE_OBJC_ARC = YES;
				CLANG_WARN_BOOL_CONVERSION = YES;
				CLANG_WARN_CONSTANT_CONVERSION = YES;
				CLANG_WARN_DIRECT_OBJC_ISA_USAGE = YES_ERROR;
				CLANG_WARN_EMPTY_BODY = YES;
				CLANG_WARN_ENUM_CONVERSION = YES;
				CLANG_WARN_INT_CONVERSION = YES;
				CLANG_WARN_OBJC_ROOT_CLASS = YES_ERROR;
				CLANG_WARN__DUPLICATE_METHOD_MATCH = YES;
				"CODE_SIGN_IDENTITY[sdk=iphoneos*]" = "iPhone Developer";
				COPY_PHASE_STRIP = YES;
				ENABLE_NS_ASSERTIONS = NO;
				GCC_C_LANGUAGE_STANDARD = gnu99;
				GCC_PREPROCESSOR_DEFINITIONS = (
					"CONFIGURATION_RELEASE=1",
					"$(inherited)",
				);
				GCC_WARN_64_TO_32_BIT_CONVERSION = YES;
				GCC_WARN_ABOUT_RETURN_TYPE = YES_ERROR;
				GCC_WARN_UNDECLARED_SELECTOR = YES;
				GCC_WARN_UNINITIALIZED_AUTOS = YES;
				GCC_WARN_UNUSED_FUNCTION = YES;
				GCC_WARN_UNUSED_VARIABLE = YES;
				IPHONEOS_DEPLOYMENT_TARGET = 7.1;
				SDKROOT = iphoneos;
				VALIDATE_PRODUCT = YES;
			};
			name = "Release Enterprise";
		};
		FEE321EF1926108300A66F92 /* Debug */ = {
			isa = XCBuildConfiguration;
			buildSettings = {
				ALWAYS_SEARCH_USER_PATHS = NO;
				ARCHS = "$(ARCHS_STANDARD_INCLUDING_64_BIT)";
				CLANG_CXX_LANGUAGE_STANDARD = "gnu++0x";
				CLANG_CXX_LIBRARY = "libc++";
				CLANG_ENABLE_MODULES = YES;
				CLANG_ENABLE_OBJC_ARC = YES;
				CLANG_WARN_BOOL_CONVERSION = YES;
				CLANG_WARN_CONSTANT_CONVERSION = YES;
				CLANG_WARN_DIRECT_OBJC_ISA_USAGE = YES_ERROR;
				CLANG_WARN_EMPTY_BODY = YES;
				CLANG_WARN_ENUM_CONVERSION = YES;
				CLANG_WARN_INT_CONVERSION = YES;
				CLANG_WARN_OBJC_ROOT_CLASS = YES_ERROR;
				CLANG_WARN__DUPLICATE_METHOD_MATCH = YES;
				"CODE_SIGN_IDENTITY[sdk=iphoneos*]" = "iPhone Developer";
				COPY_PHASE_STRIP = NO;
				GCC_C_LANGUAGE_STANDARD = gnu99;
				GCC_DYNAMIC_NO_PIC = NO;
				GCC_OPTIMIZATION_LEVEL = 0;
				GCC_PREPROCESSOR_DEFINITIONS = (
					"DEBUG=1",
					"$(inherited)",
				);
				GCC_SYMBOLS_PRIVATE_EXTERN = NO;
				GCC_WARN_64_TO_32_BIT_CONVERSION = YES;
				GCC_WARN_ABOUT_RETURN_TYPE = YES_ERROR;
				GCC_WARN_UNDECLARED_SELECTOR = YES;
				GCC_WARN_UNINITIALIZED_AUTOS = YES;
				GCC_WARN_UNUSED_FUNCTION = YES;
				GCC_WARN_UNUSED_VARIABLE = YES;
				IPHONEOS_DEPLOYMENT_TARGET = 7.1;
				ONLY_ACTIVE_ARCH = YES;
				SDKROOT = iphoneos;
			};
			name = Debug;
		};
		FEE321F01926108300A66F92 /* Release */ = {
			isa = XCBuildConfiguration;
			buildSettings = {
				ALWAYS_SEARCH_USER_PATHS = NO;
				ARCHS = "$(ARCHS_STANDARD_INCLUDING_64_BIT)";
				CLANG_CXX_LANGUAGE_STANDARD = "gnu++0x";
				CLANG_CXX_LIBRARY = "libc++";
				CLANG_ENABLE_MODULES = YES;
				CLANG_ENABLE_OBJC_ARC = YES;
				CLANG_WARN_BOOL_CONVERSION = YES;
				CLANG_WARN_CONSTANT_CONVERSION = YES;
				CLANG_WARN_DIRECT_OBJC_ISA_USAGE = YES_ERROR;
				CLANG_WARN_EMPTY_BODY = YES;
				CLANG_WARN_ENUM_CONVERSION = YES;
				CLANG_WARN_INT_CONVERSION = YES;
				CLANG_WARN_OBJC_ROOT_CLASS = YES_ERROR;
				CLANG_WARN__DUPLICATE_METHOD_MATCH = YES;
				"CODE_SIGN_IDENTITY[sdk=iphoneos*]" = "iPhone Developer";
				COPY_PHASE_STRIP = YES;
				ENABLE_NS_ASSERTIONS = NO;
				GCC_C_LANGUAGE_STANDARD = gnu99;
				GCC_PREPROCESSOR_DEFINITIONS = (
					"CONFIGURATION_RELEASE=1",
					"$(inherited)",
				);
				GCC_WARN_64_TO_32_BIT_CONVERSION = YES;
				GCC_WARN_ABOUT_RETURN_TYPE = YES_ERROR;
				GCC_WARN_UNDECLARED_SELECTOR = YES;
				GCC_WARN_UNINITIALIZED_AUTOS = YES;
				GCC_WARN_UNUSED_FUNCTION = YES;
				GCC_WARN_UNUSED_VARIABLE = YES;
				IPHONEOS_DEPLOYMENT_TARGET = 7.1;
				SDKROOT = iphoneos;
				VALIDATE_PRODUCT = YES;
			};
			name = Release;
		};
		FEE321F21926108300A66F92 /* Release Enterprise */ = {
			isa = XCBuildConfiguration;
			buildSettings = {
				ASSETCATALOG_COMPILER_APPICON_NAME = AppIcon;
				ASSETCATALOG_COMPILER_LAUNCHIMAGE_NAME = LaunchImage;
				GCC_PRECOMPILE_PREFIX_HEADER = YES;
				GCC_PREFIX_HEADER = "wave/Ancillary Files/wave-Prefix.pch";
				INFOPLIST_FILE = "wave/Ancillary Files/wave-Info.plist";
				PRODUCT_NAME = "$(TARGET_NAME)";
				WRAPPER_EXTENSION = app;
			};
			name = "Release Enterprise";
		};
		FEE321F31926108300A66F92 /* Debug */ = {
			isa = XCBuildConfiguration;
			buildSettings = {
				ASSETCATALOG_COMPILER_APPICON_NAME = AppIcon;
				ASSETCATALOG_COMPILER_LAUNCHIMAGE_NAME = LaunchImage;
				GCC_PRECOMPILE_PREFIX_HEADER = YES;
				GCC_PREFIX_HEADER = "wave/Ancillary Files/wave-Prefix.pch";
				INFOPLIST_FILE = "wave/Ancillary Files/wave-Info.plist";
				PRODUCT_NAME = "$(TARGET_NAME)";
				WRAPPER_EXTENSION = app;
			};
			name = Debug;
		};
		FEE321F41926108300A66F92 /* Release */ = {
			isa = XCBuildConfiguration;
			buildSettings = {
				ASSETCATALOG_COMPILER_APPICON_NAME = AppIcon;
				ASSETCATALOG_COMPILER_LAUNCHIMAGE_NAME = LaunchImage;
				GCC_PRECOMPILE_PREFIX_HEADER = YES;
				GCC_PREFIX_HEADER = "wave/Ancillary Files/wave-Prefix.pch";
				INFOPLIST_FILE = "wave/Ancillary Files/wave-Info.plist";
				PRODUCT_NAME = "$(TARGET_NAME)";
				WRAPPER_EXTENSION = app;
			};
			name = Release;
		};
		FEE321F61926108300A66F92 /* Release Enterprise */ = {
			isa = XCBuildConfiguration;
			baseConfigurationReference = DF8A026449E049E8B3EDB215 /* Pods-waveTests.xcconfig */;
			buildSettings = {
				ARCHS = "$(ARCHS_STANDARD_INCLUDING_64_BIT)";
				BUNDLE_LOADER = "$(BUILT_PRODUCTS_DIR)/wave.app/wave";
				FRAMEWORK_SEARCH_PATHS = (
					"$(SDKROOT)/Developer/Library/Frameworks",
					"$(inherited)",
					"$(DEVELOPER_FRAMEWORKS_DIR)",
				);
				GCC_PRECOMPILE_PREFIX_HEADER = YES;
				GCC_PREFIX_HEADER = "wave/Ancillary Files/wave-Prefix.pch";
				GCC_PREPROCESSOR_DEFINITIONS = (
					"CONFIGURATION_RELEASE=1",
					"$(inherited)",
				);
				INFOPLIST_FILE = "waveTests/Ancillary Files/waveTests-Info.plist";
				PRODUCT_NAME = "$(TARGET_NAME)";
				TEST_HOST = "$(BUNDLE_LOADER)";
				WRAPPER_EXTENSION = xctest;
			};
			name = "Release Enterprise";
		};
		FEE321F71926108300A66F92 /* Debug */ = {
			isa = XCBuildConfiguration;
			baseConfigurationReference = DF8A026449E049E8B3EDB215 /* Pods-waveTests.xcconfig */;
			buildSettings = {
				ARCHS = "$(ARCHS_STANDARD_INCLUDING_64_BIT)";
				BUNDLE_LOADER = "$(BUILT_PRODUCTS_DIR)/wave.app/wave";
				FRAMEWORK_SEARCH_PATHS = (
					"$(SDKROOT)/Developer/Library/Frameworks",
					"$(inherited)",
					"$(DEVELOPER_FRAMEWORKS_DIR)",
				);
				GCC_PRECOMPILE_PREFIX_HEADER = YES;
				GCC_PREFIX_HEADER = "wave/Ancillary Files/wave-Prefix.pch";
				GCC_PREPROCESSOR_DEFINITIONS = (
					"DEBUG=1",
					"$(inherited)",
				);
				INFOPLIST_FILE = "waveTests/Ancillary Files/waveTests-Info.plist";
				PRODUCT_NAME = "$(TARGET_NAME)";
				TEST_HOST = "$(BUNDLE_LOADER)";
				WRAPPER_EXTENSION = xctest;
			};
			name = Debug;
		};
		FEE321F81926108300A66F92 /* Release */ = {
			isa = XCBuildConfiguration;
			baseConfigurationReference = DF8A026449E049E8B3EDB215 /* Pods-waveTests.xcconfig */;
			buildSettings = {
				ARCHS = "$(ARCHS_STANDARD_INCLUDING_64_BIT)";
				BUNDLE_LOADER = "$(BUILT_PRODUCTS_DIR)/wave.app/wave";
				FRAMEWORK_SEARCH_PATHS = (
					"$(SDKROOT)/Developer/Library/Frameworks",
					"$(inherited)",
					"$(DEVELOPER_FRAMEWORKS_DIR)",
				);
				GCC_PRECOMPILE_PREFIX_HEADER = YES;
				GCC_PREFIX_HEADER = "wave/Ancillary Files/wave-Prefix.pch";
				GCC_PREPROCESSOR_DEFINITIONS = (
					"CONFIGURATION_RELEASE=1",
					"$(inherited)",
				);
				INFOPLIST_FILE = "waveTests/Ancillary Files/waveTests-Info.plist";
				PRODUCT_NAME = "$(TARGET_NAME)";
				TEST_HOST = "$(BUNDLE_LOADER)";
				WRAPPER_EXTENSION = xctest;
			};
			name = Release;
		};
/* End XCBuildConfiguration section */

/* Begin XCConfigurationList section */
		FEE321C41926108200A66F92 /* Build configuration list for PBXProject "wave" */ = {
			isa = XCConfigurationList;
			buildConfigurations = (
				FEE321EE1926108300A66F92 /* Release Enterprise */,
				FEE321EF1926108300A66F92 /* Debug */,
				FEE321F01926108300A66F92 /* Release */,
			);
			defaultConfigurationIsVisible = 0;
			defaultConfigurationName = Release;
		};
		FEE321F11926108300A66F92 /* Build configuration list for PBXNativeTarget "wave" */ = {
			isa = XCConfigurationList;
			buildConfigurations = (
				FEE321F21926108300A66F92 /* Release Enterprise */,
				FEE321F31926108300A66F92 /* Debug */,
				FEE321F41926108300A66F92 /* Release */,
			);
			defaultConfigurationIsVisible = 0;
			defaultConfigurationName = Release;
		};
		FEE321F51926108300A66F92 /* Build configuration list for PBXNativeTarget "waveTests" */ = {
			isa = XCConfigurationList;
			buildConfigurations = (
				FEE321F61926108300A66F92 /* Release Enterprise */,
				FEE321F71926108300A66F92 /* Debug */,
				FEE321F81926108300A66F92 /* Release */,
			);
			defaultConfigurationIsVisible = 0;
			defaultConfigurationName = Release;
		};
/* End XCConfigurationList section */
	};
	rootObject = FEE321C11926108200A66F92 /* Project object */;
}
